<Solution>
  <Configurations>
    <Platform Name="x64" />
    <Platform Name="x86" />
  </Configurations>
  <Project Path="Practice/Practice.vcxproj" Id="8fede189-96a5-40c4-8a49-6546e423b6cb" />
  <Project Path="ТРСПВ ЛР 1/ТРСПВ ЛР 1.vcxproj" Id="b423006d-e9e9-45c6-932f-3c5cc9be8f39" />
  <Project Path="ТРСПВ ЛР 2/ТРСПВ ЛР 2.vcxproj" Id="2f3b8394-0705-4ac6-8b51-d3f58e598dbb" />
  <Project Path="ТРСПВ ЛР 3/ТРСПВ ЛР 3.vcxproj" Id="4d6f465d-ad06-4758-8a40-88b97375d434" />
</Solution>
